
Microsoft Visual Studio Solution File, Format Version 12.00
# Visual Studio 2013
VisualStudioVersion = 12.0.21005.1
MinimumVisualStudioVersion = 10.0.40219.1
Project("{FAE04EC0-301F-11D3-BF4B-00C04F79EFBC}") = "GPS", "GPS\GPS.csproj", "{EA34A032-C205-4696-AA3A-C3F4F316DE7D}"
EndProject
Project("{FAE04EC0-301F-11D3-BF4B-00C04F79EFBC}") = "DbComponent", "DbComponent\DbComponent.csproj", "{B629AED0-C484-4CFF-BE86-E4D6A0724D22}"
EndProject
Global
	GlobalSection(SolutionConfigurationPlatforms) = preSolution
		Debug|Any CPU = Debug|Any CPU
		Release|Any CPU = Release|Any CPU
	EndGlobalSection
	GlobalSection(ProjectConfigurationPlatforms) = postSolution
		{EA34A032-C205-4696-AA3A-C3F4F316DE7D}.Debug|Any CPU.ActiveCfg = Debug|Any CPU
		{EA34A032-C205-4696-AA3A-C3F4F316DE7D}.Debug|Any CPU.Build.0 = Debug|Any CPU
		{EA34A032-C205-4696-AA3A-C3F4F316DE7D}.Release|Any CPU.ActiveCfg = Release|Any CPU
		{EA34A032-C205-4696-AA3A-C3F4F316DE7D}.Release|Any CPU.Build.0 = Release|Any CPU
		{B629AED0-C484-4CFF-BE86-E4D6A0724D22}.Debug|Any CPU.ActiveCfg = Debug|Any CPU
		{B629AED0-C484-4CFF-BE86-E4D6A0724D22}.Debug|Any CPU.Build.0 = Debug|Any CPU
		{B629AED0-C484-4CFF-BE86-E4D6A0724D22}.Release|Any CPU.ActiveCfg = Release|Any CPU
		{B629AED0-C484-4CFF-BE86-E4D6A0724D22}.Release|Any CPU.Build.0 = Release|Any CPU
	EndGlobalSection
	GlobalSection(SolutionProperties) = preSolution
		HideSolutionNode = FALSE
	EndGlobalSection
EndGlobal
